
Microsoft Visual Studio Solution File, Format Version 12.00
# Visual Studio Version 17
VisualStudioVersion = 17.6.33815.320
MinimumVisualStudioVersion = 10.0.40219.1
Project("{FAE04EC0-301F-11D3-BF4B-00C04F79EFBC}") = "WWCP_ChargingStation_Runner", "WWCP_ChargingStation_Runner\WWCP_ChargingStation_Runner.csproj", "{76153F1D-695B-45B3-BE2C-B05371B97C5E}"
EndProject
Project("{2150E333-8FDC-42A3-9474-1A3956D46DE8}") = "Dependencies", "Dependencies", "{827E6090-4130-4843-9039-74601AD5B97F}"
EndProject
Project("{9A19103F-16F7-4668-BE54-9A1E7A4F7556}") = "Styx", "..\..\Styx\Styx\Styx.csproj", "{08D1311B-4495-48A8-BF99-B54B74C6D684}"
EndProject
Project("{2150E333-8FDC-42A3-9474-1A3956D46DE8}") = "Vanaheimr", "Vanaheimr", "{FE08C619-C4A0-453E-BF73-BD8DFB883E48}"
EndProject
Project("{9A19103F-16F7-4668-BE54-9A1E7A4F7556}") = "StyxTests", "..\..\Styx\StyxTests\StyxTests.csproj", "{3981A4F7-6D50-410F-BF37-385F0F7FDB90}"
EndProject
Project("{9A19103F-16F7-4668-BE54-9A1E7A4F7556}") = "Hermod", "..\..\Hermod\Hermod\Hermod.csproj", "{338B2D71-AA3E-4147-8799-13F7817A1DA9}"
EndProject
Project("{9A19103F-16F7-4668-BE54-9A1E7A4F7556}") = "HermodTests", "..\..\Hermod\HermodTests\HermodTests.csproj", "{C817E4C8-2D9D-4E52-83EB-A5F8E2911CD3}"
EndProject
Project("{9A19103F-16F7-4668-BE54-9A1E7A4F7556}") = "WWCP_Core", "..\..\WWCP_Core\WWCP_Core\WWCP_Core.csproj", "{6CD9A114-CBC5-4654-8F7B-FFAF42FE2E85}"
EndProject
Project("{9A19103F-16F7-4668-BE54-9A1E7A4F7556}") = "WWCP_Core_Tests", "..\..\WWCP_Core\WWCP_Core_Tests\WWCP_Core_Tests.csproj", "{F92330A0-AA7F-45B4-B8A7-706716FEF7EB}"
EndProject
Project("{9A19103F-16F7-4668-BE54-9A1E7A4F7556}") = "WWCP_ChargingStation", "..\WWCP_ChargingStation\WWCP_ChargingStation.csproj", "{00405A9C-0A03-4E73-9C88-7A420C89C115}"
EndProject
Project("{9A19103F-16F7-4668-BE54-9A1E7A4F7556}") = "WWCP_ChargingStation_Tests", "..\WWCP_ChargingStation_Tests\WWCP_ChargingStation_Tests.csproj", "{E2B34CAF-EBEF-4EDB-9B29-CFFBFA7DAB6A}"
EndProject
Global
	GlobalSection(SolutionConfigurationPlatforms) = preSolution
		Debug|Any CPU = Debug|Any CPU
		Release|Any CPU = Release|Any CPU
	EndGlobalSection
	GlobalSection(ProjectConfigurationPlatforms) = postSolution
		{76153F1D-695B-45B3-BE2C-B05371B97C5E}.Debug|Any CPU.ActiveCfg = Debug|Any CPU
		{76153F1D-695B-45B3-BE2C-B05371B97C5E}.Debug|Any CPU.Build.0 = Debug|Any CPU
		{76153F1D-695B-45B3-BE2C-B05371B97C5E}.Release|Any CPU.ActiveCfg = Release|Any CPU
		{76153F1D-695B-45B3-BE2C-B05371B97C5E}.Release|Any CPU.Build.0 = Release|Any CPU
		{08D1311B-4495-48A8-BF99-B54B74C6D684}.Debug|Any CPU.ActiveCfg = Debug|Any CPU
		{08D1311B-4495-48A8-BF99-B54B74C6D684}.Debug|Any CPU.Build.0 = Debug|Any CPU
		{08D1311B-4495-48A8-BF99-B54B74C6D684}.Release|Any CPU.ActiveCfg = Release|Any CPU
		{08D1311B-4495-48A8-BF99-B54B74C6D684}.Release|Any CPU.Build.0 = Release|Any CPU
		{3981A4F7-6D50-410F-BF37-385F0F7FDB90}.Debug|Any CPU.ActiveCfg = Debug|Any CPU
		{3981A4F7-6D50-410F-BF37-385F0F7FDB90}.Debug|Any CPU.Build.0 = Debug|Any CPU
		{3981A4F7-6D50-410F-BF37-385F0F7FDB90}.Release|Any CPU.ActiveCfg = Release|Any CPU
		{3981A4F7-6D50-410F-BF37-385F0F7FDB90}.Release|Any CPU.Build.0 = Release|Any CPU
		{338B2D71-AA3E-4147-8799-13F7817A1DA9}.Debug|Any CPU.ActiveCfg = Debug|Any CPU
		{338B2D71-AA3E-4147-8799-13F7817A1DA9}.Debug|Any CPU.Build.0 = Debug|Any CPU
		{338B2D71-AA3E-4147-8799-13F7817A1DA9}.Release|Any CPU.ActiveCfg = Release|Any CPU
		{338B2D71-AA3E-4147-8799-13F7817A1DA9}.Release|Any CPU.Build.0 = Release|Any CPU
		{C817E4C8-2D9D-4E52-83EB-A5F8E2911CD3}.Debug|Any CPU.ActiveCfg = Debug|Any CPU
		{C817E4C8-2D9D-4E52-83EB-A5F8E2911CD3}.Debug|Any CPU.Build.0 = Debug|Any CPU
		{C817E4C8-2D9D-4E52-83EB-A5F8E2911CD3}.Release|Any CPU.ActiveCfg = Release|Any CPU
		{C817E4C8-2D9D-4E52-83EB-A5F8E2911CD3}.Release|Any CPU.Build.0 = Release|Any CPU
		{6CD9A114-CBC5-4654-8F7B-FFAF42FE2E85}.Debug|Any CPU.ActiveCfg = Debug|Any CPU
		{6CD9A114-CBC5-4654-8F7B-FFAF42FE2E85}.Debug|Any CPU.Build.0 = Debug|Any CPU
		{6CD9A114-CBC5-4654-8F7B-FFAF42FE2E85}.Release|Any CPU.ActiveCfg = Release|Any CPU
		{6CD9A114-CBC5-4654-8F7B-FFAF42FE2E85}.Release|Any CPU.Build.0 = Release|Any CPU
		{F92330A0-AA7F-45B4-B8A7-706716FEF7EB}.Debug|Any CPU.ActiveCfg = Debug|Any CPU
		{F92330A0-AA7F-45B4-B8A7-706716FEF7EB}.Debug|Any CPU.Build.0 = Debug|Any CPU
		{F92330A0-AA7F-45B4-B8A7-706716FEF7EB}.Release|Any CPU.ActiveCfg = Release|Any CPU
		{F92330A0-AA7F-45B4-B8A7-706716FEF7EB}.Release|Any CPU.Build.0 = Release|Any CPU
		{00405A9C-0A03-4E73-9C88-7A420C89C115}.Debug|Any CPU.ActiveCfg = Debug|Any CPU
		{00405A9C-0A03-4E73-9C88-7A420C89C115}.Debug|Any CPU.Build.0 = Debug|Any CPU
		{00405A9C-0A03-4E73-9C88-7A420C89C115}.Release|Any CPU.ActiveCfg = Release|Any CPU
		{00405A9C-0A03-4E73-9C88-7A420C89C115}.Release|Any CPU.Build.0 = Release|Any CPU
		{E2B34CAF-EBEF-4EDB-9B29-CFFBFA7DAB6A}.Debug|Any CPU.ActiveCfg = Debug|Any CPU
		{E2B34CAF-EBEF-4EDB-9B29-CFFBFA7DAB6A}.Debug|Any CPU.Build.0 = Debug|Any CPU
		{E2B34CAF-EBEF-4EDB-9B29-CFFBFA7DAB6A}.Release|Any CPU.ActiveCfg = Release|Any CPU
		{E2B34CAF-EBEF-4EDB-9B29-CFFBFA7DAB6A}.Release|Any CPU.Build.0 = Release|Any CPU
	EndGlobalSection
	GlobalSection(SolutionProperties) = preSolution
		HideSolutionNode = FALSE
	EndGlobalSection
	GlobalSection(NestedProjects) = preSolution
		{08D1311B-4495-48A8-BF99-B54B74C6D684} = {FE08C619-C4A0-453E-BF73-BD8DFB883E48}
		{FE08C619-C4A0-453E-BF73-BD8DFB883E48} = {827E6090-4130-4843-9039-74601AD5B97F}
		{3981A4F7-6D50-410F-BF37-385F0F7FDB90} = {FE08C619-C4A0-453E-BF73-BD8DFB883E48}
		{338B2D71-AA3E-4147-8799-13F7817A1DA9} = {FE08C619-C4A0-453E-BF73-BD8DFB883E48}
		{C817E4C8-2D9D-4E52-83EB-A5F8E2911CD3} = {FE08C619-C4A0-453E-BF73-BD8DFB883E48}
		{6CD9A114-CBC5-4654-8F7B-FFAF42FE2E85} = {827E6090-4130-4843-9039-74601AD5B97F}
		{F92330A0-AA7F-45B4-B8A7-706716FEF7EB} = {827E6090-4130-4843-9039-74601AD5B97F}
		{00405A9C-0A03-4E73-9C88-7A420C89C115} = {827E6090-4130-4843-9039-74601AD5B97F}
		{E2B34CAF-EBEF-4EDB-9B29-CFFBFA7DAB6A} = {827E6090-4130-4843-9039-74601AD5B97F}
	EndGlobalSection
	GlobalSection(ExtensibilityGlobals) = postSolution
		SolutionGuid = {13D046D8-2B0D-4C36-ADCC-7BD06C233DB7}
	EndGlobalSection
EndGlobal
